
Microsoft Visual Studio Solution File, Format Version 12.00
# Visual Studio Version 17
VisualStudioVersion = 17.3.32825.248
MinimumVisualStudioVersion = 10.0.40219.1
Project("{FAE04EC0-301F-11D3-BF4B-00C04F79EFBC}") = "GenericDegiskenler", "GenericDegiskenler\GenericDegiskenler.csproj", "{CA2A0EAA-BEF7-4FDE-B8E6-EF90E10D691B}"
EndProject
Global
	GlobalSection(SolutionConfigurationPlatforms) = preSolution
		Debug|Any CPU = Debug|Any CPU
		Release|Any CPU = Release|Any CPU
	EndGlobalSection
	GlobalSection(ProjectConfigurationPlatforms) = postSolution
		{CA2A0EAA-BEF7-4FDE-B8E6-EF90E10D691B}.Debug|Any CPU.ActiveCfg = Debug|Any CPU
		{CA2A0EAA-BEF7-4FDE-B8E6-EF90E10D691B}.Debug|Any CPU.Build.0 = Debug|Any CPU
		{CA2A0EAA-BEF7-4FDE-B8E6-EF90E10D691B}.Release|Any CPU.ActiveCfg = Release|Any CPU
		{CA2A0EAA-BEF7-4FDE-B8E6-EF90E10D691B}.Release|Any CPU.Build.0 = Release|Any CPU
	EndGlobalSection
	GlobalSection(SolutionProperties) = preSolution
		HideSolutionNode = FALSE
	EndGlobalSection
	GlobalSection(ExtensibilityGlobals) = postSolution
		SolutionGuid = {B8C82B0F-B4B1-4980-A7B3-763680EF2D7E}
	EndGlobalSection
EndGlobal
